
Microsoft Visual Studio Solution File, Format Version 12.00
# Visual Studio 14
VisualStudioVersion = 14.0.24720.0
MinimumVisualStudioVersion = 10.0.40219.1
Project("{FAE04EC0-301F-11D3-BF4B-00C04F79EFBC}") = "SGS", "SGS\SGS.csproj", "{F85F534B-24AB-43AB-983E-EB6B49117B28}"
EndProject
Project("{2150E333-8FDC-42A3-9474-1A3956D46DE8}") = "1. SGS Presentation", "1. SGS Presentation", "{AEF5C389-0EE1-4A96-B1E8-B9527E6E4764}"
	ProjectSection(SolutionItems) = preProject
		SGS\App.config = SGS\App.config
		SGS\App.xaml = SGS\App.xaml
		SGS\App.xaml.cs = SGS\App.xaml.cs
		SGS\MainWindow.xaml = SGS\MainWindow.xaml
		SGS\MainWindow.xaml.cs = SGS\MainWindow.xaml.cs
	EndProjectSection
EndProject
Global
	GlobalSection(SolutionConfigurationPlatforms) = preSolution
		Debug|Any CPU = Debug|Any CPU
		Release|Any CPU = Release|Any CPU
	EndGlobalSection
	GlobalSection(ProjectConfigurationPlatforms) = postSolution
		{F85F534B-24AB-43AB-983E-EB6B49117B28}.Debug|Any CPU.ActiveCfg = Debug|Any CPU
		{F85F534B-24AB-43AB-983E-EB6B49117B28}.Debug|Any CPU.Build.0 = Debug|Any CPU
		{F85F534B-24AB-43AB-983E-EB6B49117B28}.Release|Any CPU.ActiveCfg = Release|Any CPU
		{F85F534B-24AB-43AB-983E-EB6B49117B28}.Release|Any CPU.Build.0 = Release|Any CPU
	EndGlobalSection
	GlobalSection(SolutionProperties) = preSolution
		HideSolutionNode = FALSE
	EndGlobalSection
	GlobalSection(NestedProjects) = preSolution
		{F85F534B-24AB-43AB-983E-EB6B49117B28} = {AEF5C389-0EE1-4A96-B1E8-B9527E6E4764}
	EndGlobalSection
EndGlobal
